
Microsoft Visual Studio Solution File, Format Version 12.00
# Visual Studio Version 17
VisualStudioVersion = 17.10.35122.118
MinimumVisualStudioVersion = 10.0.40219.1
Project("{2150E333-8FDC-42A3-9474-1A3956D46DE8}") = "0.Common", "0.Common", "{6CA8CA75-E327-47E4-8525-E5CCB1E06A32}"
EndProject
Project("{2150E333-8FDC-42A3-9474-1A3956D46DE8}") = "1.Interface Api", "1.Interface Api", "{16ED111A-6953-4B0B-8F35-81283C5D1D6B}"
EndProject
Project("{2150E333-8FDC-42A3-9474-1A3956D46DE8}") = "2Appplication Core", "2Appplication Core", "{ADEDCEE4-E531-469A-BB81-F72A2574F8A6}"
EndProject
Project("{2150E333-8FDC-42A3-9474-1A3956D46DE8}") = "3.Interface", "3.Interface", "{A0E3F4D6-56D9-47AE-B43B-B44DA33B941E}"
EndProject
Project("{9A19103F-16F7-4668-BE54-9A1E7A4F7556}") = "AR_ECOMERCE", "1.Interface Api\AR_ECOMERCE\AR_ECOMERCE.csproj", "{48CC1D79-2D7F-4F7E-B5AC-95315079A332}"
EndProject
Project("{9A19103F-16F7-4668-BE54-9A1E7A4F7556}") = "AR.Repository.Base", "0.Common\AR.Repository.Base\AR.Repository.Base.csproj", "{791CD260-DA56-482C-B8D8-B984C4312BBF}"
EndProject
Project("{9A19103F-16F7-4668-BE54-9A1E7A4F7556}") = "AR.Common", "0.Common\AR.Common\AR.Common.csproj", "{D8BE9748-027F-45C2-9BAD-F0985B06DEB8}"
EndProject
Project("{9A19103F-16F7-4668-BE54-9A1E7A4F7556}") = "AR.Core.User.Common", "2.Application Core\AR.Core.User.Common\AR.Core.User.Common.csproj", "{10A6D0E0-F38D-4B0A-88B4-907714C462D3}"
EndProject
Project("{9A19103F-16F7-4668-BE54-9A1E7A4F7556}") = "AR.Core.User.Application", "2.Application Core\AR.Core.User.Application\AR.Core.User.Application.csproj", "{A5837D03-2DA3-447F-BEA5-37EC7913BF67}"
EndProject
Project("{9A19103F-16F7-4668-BE54-9A1E7A4F7556}") = "AR.User.Repository", "3.Infrastructure\AR.User.Repository\AR.User.Repository.csproj", "{84513E24-23C5-4F11-876F-9BE97F54B0B9}"
EndProject
Project("{9A19103F-16F7-4668-BE54-9A1E7A4F7556}") = "AR.Core.Purchase.Application", "2.Application Core\AR.Core.Purchase.Application\AR.Core.Purchase.Application.csproj", "{5D768E55-ED01-4FC5-90B7-E5B4B7676578}"
EndProject
Project("{9A19103F-16F7-4668-BE54-9A1E7A4F7556}") = "AR.Purchase.Repository", "3.Infrastructure\AR.Purchase.Repository\AR.Purchase.Repository.csproj", "{A6522432-3DDB-489D-94F4-73C0CDFC7717}"
EndProject
Project("{9A19103F-16F7-4668-BE54-9A1E7A4F7556}") = "AR.Core.Purchase.Common", "2.Application Core\AR.Core.Purchase.Common\AR.Core.Purchase.Common.csproj", "{1520F150-E432-4DC5-BB8F-75437D148140}"
EndProject
Project("{9A19103F-16F7-4668-BE54-9A1E7A4F7556}") = "AR.Core.Customer.Common", "2.Application Core\AR.Core.Customer.Common\AR.Core.Customer.Common.csproj", "{EC1D746F-9B05-482C-BBCD-2C20CB4973D3}"
EndProject
Project("{9A19103F-16F7-4668-BE54-9A1E7A4F7556}") = "AR.Core.Customer.Application", "AR.Core.Customer.Application\AR.Core.Customer.Application.csproj", "{00BDE67A-7C21-41DC-932A-5BFFC257A047}"
EndProject
Project("{9A19103F-16F7-4668-BE54-9A1E7A4F7556}") = "AR.Customer.Repository", "3.Infrastructure\AR.Customer.Repository\AR.Customer.Repository.csproj", "{BF778FC5-EF9A-419B-8B61-160FDF80AABD}"
EndProject
Project("{9A19103F-16F7-4668-BE54-9A1E7A4F7556}") = "AR.Core.UserCustomer.Application", "2.Application Core\AR.Core.UserCustomer.Application\AR.Core.UserCustomer.Application.csproj", "{B1FD460C-E994-4337-9C9A-E5C8A7456B6E}"
EndProject
Project("{9A19103F-16F7-4668-BE54-9A1E7A4F7556}") = "AR.Core.UserCustomer.Common", "2.Application Core\AR.Core.UserCustomer.Common\AR.Core.UserCustomer.Common.csproj", "{B71D8E08-2FE3-4716-AB3B-7E259E3D83C2}"
EndProject
Project("{9A19103F-16F7-4668-BE54-9A1E7A4F7556}") = "AR.UserCustomer.Repository", "3.Infrastructure\AR.UserCustomer.Repository\AR.UserCustomer.Repository.csproj", "{1DD59255-FCF2-4412-B9FF-CCF6204DBC85}"
EndProject
Project("{9A19103F-16F7-4668-BE54-9A1E7A4F7556}") = "AR.Core.Employee.Application", "2.Application Core\AR.Core.Employee.Application\AR.Core.Employee.Application.csproj", "{21AF39DD-DBDB-4269-87CE-29DE08C45FC2}"
EndProject
Project("{9A19103F-16F7-4668-BE54-9A1E7A4F7556}") = "AR.Core.Employee.Common", "2.Application Core\AR.Core.Employee.Common\AR.Core.Employee.Common.csproj", "{B7EBDAC9-9885-4078-AEDB-75D211435647}"
EndProject
Project("{9A19103F-16F7-4668-BE54-9A1E7A4F7556}") = "AR.Employee.Repository", "3.Infrastructure\AR.Employee.Repository\AR.Employee.Repository.csproj", "{19CAA59C-03C6-4B8E-99BD-47476E3CC685}"
EndProject
Project("{FAE04EC0-301F-11D3-BF4B-00C04F79EFBC}") = "AR.Core.Promotions.Application", "2.Application Core\AR.Core.Promotions.Application\AR.Core.Promotions.Application.csproj", "{840919DD-440A-46AC-9F87-A65D8A63F55F}"
EndProject
Project("{FAE04EC0-301F-11D3-BF4B-00C04F79EFBC}") = "AR.Core.Promotions.Common", "2.Application Core\AR.Core.Promotions.Common\AR.Core.Promotions.Common.csproj", "{C2B0447B-9197-4A9C-91CB-583F53EC5144}"
EndProject
Project("{FAE04EC0-301F-11D3-BF4B-00C04F79EFBC}") = "AR.Promotions.Repository", "3.Infrastructure\AR.Promotions.Repository\AR.Promotions.Repository.csproj", "{3B3C4D23-BB8A-4B52-AE0E-94AF6872D066}"
EndProject
Project("{FAE04EC0-301F-11D3-BF4B-00C04F79EFBC}") = "Ar.Common.Transaction", "0.Common\Ar.Common.Transaction\Ar.Common.Transaction.csproj", "{1A7DA70D-D498-4A7A-8D6F-47F8846288CF}"
EndProject
Project("{FAE04EC0-301F-11D3-BF4B-00C04F79EFBC}") = "AR.Transaction.Repository", "3.Infrastructure\AR.Transaction.Repository\AR.Transaction.Repository.csproj", "{6D846A1E-D4AA-4E13-A4BC-3D64A59219C5}"
EndProject
Project("{FAE04EC0-301F-11D3-BF4B-00C04F79EFBC}") = "AR.Core.Common", "2.Application Core\AR.Core.Common\AR.Core.Common.csproj", "{E1229E94-AB9A-463A-AFBF-439C5B58D743}"
EndProject
Project("{FAE04EC0-301F-11D3-BF4B-00C04F79EFBC}") = "AR.Core.Purchases.Filters", "2.Application Core\AR.Core.Purchases.Filters\AR.Core.Purchases.Filters.csproj", "{303FFEED-6AB0-4D83-9B44-4438F976A256}"
EndProject
Global
	GlobalSection(SolutionConfigurationPlatforms) = preSolution
		Debug|Any CPU = Debug|Any CPU
		Debug|x64 = Debug|x64
		Debug|x86 = Debug|x86
		Release|Any CPU = Release|Any CPU
		Release|x64 = Release|x64
		Release|x86 = Release|x86
	EndGlobalSection
	GlobalSection(ProjectConfigurationPlatforms) = postSolution
		{48CC1D79-2D7F-4F7E-B5AC-95315079A332}.Debug|Any CPU.ActiveCfg = Debug|Any CPU
		{48CC1D79-2D7F-4F7E-B5AC-95315079A332}.Debug|Any CPU.Build.0 = Debug|Any CPU
		{48CC1D79-2D7F-4F7E-B5AC-95315079A332}.Debug|x64.ActiveCfg = Debug|Any CPU
		{48CC1D79-2D7F-4F7E-B5AC-95315079A332}.Debug|x64.Build.0 = Debug|Any CPU
		{48CC1D79-2D7F-4F7E-B5AC-95315079A332}.Debug|x86.ActiveCfg = Debug|Any CPU
		{48CC1D79-2D7F-4F7E-B5AC-95315079A332}.Debug|x86.Build.0 = Debug|Any CPU
		{48CC1D79-2D7F-4F7E-B5AC-95315079A332}.Release|Any CPU.ActiveCfg = Release|Any CPU
		{48CC1D79-2D7F-4F7E-B5AC-95315079A332}.Release|Any CPU.Build.0 = Release|Any CPU
		{48CC1D79-2D7F-4F7E-B5AC-95315079A332}.Release|x64.ActiveCfg = Release|Any CPU
		{48CC1D79-2D7F-4F7E-B5AC-95315079A332}.Release|x64.Build.0 = Release|Any CPU
		{48CC1D79-2D7F-4F7E-B5AC-95315079A332}.Release|x86.ActiveCfg = Release|Any CPU
		{48CC1D79-2D7F-4F7E-B5AC-95315079A332}.Release|x86.Build.0 = Release|Any CPU
		{791CD260-DA56-482C-B8D8-B984C4312BBF}.Debug|Any CPU.ActiveCfg = Debug|Any CPU
		{791CD260-DA56-482C-B8D8-B984C4312BBF}.Debug|Any CPU.Build.0 = Debug|Any CPU
		{791CD260-DA56-482C-B8D8-B984C4312BBF}.Debug|x64.ActiveCfg = Debug|Any CPU
		{791CD260-DA56-482C-B8D8-B984C4312BBF}.Debug|x64.Build.0 = Debug|Any CPU
		{791CD260-DA56-482C-B8D8-B984C4312BBF}.Debug|x86.ActiveCfg = Debug|Any CPU
		{791CD260-DA56-482C-B8D8-B984C4312BBF}.Debug|x86.Build.0 = Debug|Any CPU
		{791CD260-DA56-482C-B8D8-B984C4312BBF}.Release|Any CPU.ActiveCfg = Release|Any CPU
		{791CD260-DA56-482C-B8D8-B984C4312BBF}.Release|Any CPU.Build.0 = Release|Any CPU
		{791CD260-DA56-482C-B8D8-B984C4312BBF}.Release|x64.ActiveCfg = Release|Any CPU
		{791CD260-DA56-482C-B8D8-B984C4312BBF}.Release|x64.Build.0 = Release|Any CPU
		{791CD260-DA56-482C-B8D8-B984C4312BBF}.Release|x86.ActiveCfg = Release|Any CPU
		{791CD260-DA56-482C-B8D8-B984C4312BBF}.Release|x86.Build.0 = Release|Any CPU
		{D8BE9748-027F-45C2-9BAD-F0985B06DEB8}.Debug|Any CPU.ActiveCfg = Debug|Any CPU
		{D8BE9748-027F-45C2-9BAD-F0985B06DEB8}.Debug|Any CPU.Build.0 = Debug|Any CPU
		{D8BE9748-027F-45C2-9BAD-F0985B06DEB8}.Debug|x64.ActiveCfg = Debug|Any CPU
		{D8BE9748-027F-45C2-9BAD-F0985B06DEB8}.Debug|x64.Build.0 = Debug|Any CPU
		{D8BE9748-027F-45C2-9BAD-F0985B06DEB8}.Debug|x86.ActiveCfg = Debug|Any CPU
		{D8BE9748-027F-45C2-9BAD-F0985B06DEB8}.Debug|x86.Build.0 = Debug|Any CPU
		{D8BE9748-027F-45C2-9BAD-F0985B06DEB8}.Release|Any CPU.ActiveCfg = Release|Any CPU
		{D8BE9748-027F-45C2-9BAD-F0985B06DEB8}.Release|Any CPU.Build.0 = Release|Any CPU
		{D8BE9748-027F-45C2-9BAD-F0985B06DEB8}.Release|x64.ActiveCfg = Release|Any CPU
		{D8BE9748-027F-45C2-9BAD-F0985B06DEB8}.Release|x64.Build.0 = Release|Any CPU
		{D8BE9748-027F-45C2-9BAD-F0985B06DEB8}.Release|x86.ActiveCfg = Release|Any CPU
		{D8BE9748-027F-45C2-9BAD-F0985B06DEB8}.Release|x86.Build.0 = Release|Any CPU
		{10A6D0E0-F38D-4B0A-88B4-907714C462D3}.Debug|Any CPU.ActiveCfg = Debug|Any CPU
		{10A6D0E0-F38D-4B0A-88B4-907714C462D3}.Debug|Any CPU.Build.0 = Debug|Any CPU
		{10A6D0E0-F38D-4B0A-88B4-907714C462D3}.Debug|x64.ActiveCfg = Debug|Any CPU
		{10A6D0E0-F38D-4B0A-88B4-907714C462D3}.Debug|x64.Build.0 = Debug|Any CPU
		{10A6D0E0-F38D-4B0A-88B4-907714C462D3}.Debug|x86.ActiveCfg = Debug|Any CPU
		{10A6D0E0-F38D-4B0A-88B4-907714C462D3}.Debug|x86.Build.0 = Debug|Any CPU
		{10A6D0E0-F38D-4B0A-88B4-907714C462D3}.Release|Any CPU.ActiveCfg = Release|Any CPU
		{10A6D0E0-F38D-4B0A-88B4-907714C462D3}.Release|Any CPU.Build.0 = Release|Any CPU
		{10A6D0E0-F38D-4B0A-88B4-907714C462D3}.Release|x64.ActiveCfg = Release|Any CPU
		{10A6D0E0-F38D-4B0A-88B4-907714C462D3}.Release|x64.Build.0 = Release|Any CPU
		{10A6D0E0-F38D-4B0A-88B4-907714C462D3}.Release|x86.ActiveCfg = Release|Any CPU
		{10A6D0E0-F38D-4B0A-88B4-907714C462D3}.Release|x86.Build.0 = Release|Any CPU
		{A5837D03-2DA3-447F-BEA5-37EC7913BF67}.Debug|Any CPU.ActiveCfg = Debug|Any CPU
		{A5837D03-2DA3-447F-BEA5-37EC7913BF67}.Debug|Any CPU.Build.0 = Debug|Any CPU
		{A5837D03-2DA3-447F-BEA5-37EC7913BF67}.Debug|x64.ActiveCfg = Debug|Any CPU
		{A5837D03-2DA3-447F-BEA5-37EC7913BF67}.Debug|x64.Build.0 = Debug|Any CPU
		{A5837D03-2DA3-447F-BEA5-37EC7913BF67}.Debug|x86.ActiveCfg = Debug|Any CPU
		{A5837D03-2DA3-447F-BEA5-37EC7913BF67}.Debug|x86.Build.0 = Debug|Any CPU
		{A5837D03-2DA3-447F-BEA5-37EC7913BF67}.Release|Any CPU.ActiveCfg = Release|Any CPU
		{A5837D03-2DA3-447F-BEA5-37EC7913BF67}.Release|Any CPU.Build.0 = Release|Any CPU
		{A5837D03-2DA3-447F-BEA5-37EC7913BF67}.Release|x64.ActiveCfg = Release|Any CPU
		{A5837D03-2DA3-447F-BEA5-37EC7913BF67}.Release|x64.Build.0 = Release|Any CPU
		{A5837D03-2DA3-447F-BEA5-37EC7913BF67}.Release|x86.ActiveCfg = Release|Any CPU
		{A5837D03-2DA3-447F-BEA5-37EC7913BF67}.Release|x86.Build.0 = Release|Any CPU
		{84513E24-23C5-4F11-876F-9BE97F54B0B9}.Debug|Any CPU.ActiveCfg = Debug|Any CPU
		{84513E24-23C5-4F11-876F-9BE97F54B0B9}.Debug|Any CPU.Build.0 = Debug|Any CPU
		{84513E24-23C5-4F11-876F-9BE97F54B0B9}.Debug|x64.ActiveCfg = Debug|Any CPU
		{84513E24-23C5-4F11-876F-9BE97F54B0B9}.Debug|x64.Build.0 = Debug|Any CPU
		{84513E24-23C5-4F11-876F-9BE97F54B0B9}.Debug|x86.ActiveCfg = Debug|Any CPU
		{84513E24-23C5-4F11-876F-9BE97F54B0B9}.Debug|x86.Build.0 = Debug|Any CPU
		{84513E24-23C5-4F11-876F-9BE97F54B0B9}.Release|Any CPU.ActiveCfg = Release|Any CPU
		{84513E24-23C5-4F11-876F-9BE97F54B0B9}.Release|Any CPU.Build.0 = Release|Any CPU
		{84513E24-23C5-4F11-876F-9BE97F54B0B9}.Release|x64.ActiveCfg = Release|Any CPU
		{84513E24-23C5-4F11-876F-9BE97F54B0B9}.Release|x64.Build.0 = Release|Any CPU
		{84513E24-23C5-4F11-876F-9BE97F54B0B9}.Release|x86.ActiveCfg = Release|Any CPU
		{84513E24-23C5-4F11-876F-9BE97F54B0B9}.Release|x86.Build.0 = Release|Any CPU
		{5D768E55-ED01-4FC5-90B7-E5B4B7676578}.Debug|Any CPU.ActiveCfg = Debug|Any CPU
		{5D768E55-ED01-4FC5-90B7-E5B4B7676578}.Debug|Any CPU.Build.0 = Debug|Any CPU
		{5D768E55-ED01-4FC5-90B7-E5B4B7676578}.Debug|x64.ActiveCfg = Debug|Any CPU
		{5D768E55-ED01-4FC5-90B7-E5B4B7676578}.Debug|x64.Build.0 = Debug|Any CPU
		{5D768E55-ED01-4FC5-90B7-E5B4B7676578}.Debug|x86.ActiveCfg = Debug|Any CPU
		{5D768E55-ED01-4FC5-90B7-E5B4B7676578}.Debug|x86.Build.0 = Debug|Any CPU
		{5D768E55-ED01-4FC5-90B7-E5B4B7676578}.Release|Any CPU.ActiveCfg = Release|Any CPU
		{5D768E55-ED01-4FC5-90B7-E5B4B7676578}.Release|Any CPU.Build.0 = Release|Any CPU
		{5D768E55-ED01-4FC5-90B7-E5B4B7676578}.Release|x64.ActiveCfg = Release|Any CPU
		{5D768E55-ED01-4FC5-90B7-E5B4B7676578}.Release|x64.Build.0 = Release|Any CPU
		{5D768E55-ED01-4FC5-90B7-E5B4B7676578}.Release|x86.ActiveCfg = Release|Any CPU
		{5D768E55-ED01-4FC5-90B7-E5B4B7676578}.Release|x86.Build.0 = Release|Any CPU
		{A6522432-3DDB-489D-94F4-73C0CDFC7717}.Debug|Any CPU.ActiveCfg = Debug|Any CPU
		{A6522432-3DDB-489D-94F4-73C0CDFC7717}.Debug|Any CPU.Build.0 = Debug|Any CPU
		{A6522432-3DDB-489D-94F4-73C0CDFC7717}.Debug|x64.ActiveCfg = Debug|Any CPU
		{A6522432-3DDB-489D-94F4-73C0CDFC7717}.Debug|x64.Build.0 = Debug|Any CPU
		{A6522432-3DDB-489D-94F4-73C0CDFC7717}.Debug|x86.ActiveCfg = Debug|Any CPU
		{A6522432-3DDB-489D-94F4-73C0CDFC7717}.Debug|x86.Build.0 = Debug|Any CPU
		{A6522432-3DDB-489D-94F4-73C0CDFC7717}.Release|Any CPU.ActiveCfg = Release|Any CPU
		{A6522432-3DDB-489D-94F4-73C0CDFC7717}.Release|Any CPU.Build.0 = Release|Any CPU
		{A6522432-3DDB-489D-94F4-73C0CDFC7717}.Release|x64.ActiveCfg = Release|Any CPU
		{A6522432-3DDB-489D-94F4-73C0CDFC7717}.Release|x64.Build.0 = Release|Any CPU
		{A6522432-3DDB-489D-94F4-73C0CDFC7717}.Release|x86.ActiveCfg = Release|Any CPU
		{A6522432-3DDB-489D-94F4-73C0CDFC7717}.Release|x86.Build.0 = Release|Any CPU
		{1520F150-E432-4DC5-BB8F-75437D148140}.Debug|Any CPU.ActiveCfg = Debug|Any CPU
		{1520F150-E432-4DC5-BB8F-75437D148140}.Debug|Any CPU.Build.0 = Debug|Any CPU
		{1520F150-E432-4DC5-BB8F-75437D148140}.Debug|x64.ActiveCfg = Debug|Any CPU
		{1520F150-E432-4DC5-BB8F-75437D148140}.Debug|x64.Build.0 = Debug|Any CPU
		{1520F150-E432-4DC5-BB8F-75437D148140}.Debug|x86.ActiveCfg = Debug|Any CPU
		{1520F150-E432-4DC5-BB8F-75437D148140}.Debug|x86.Build.0 = Debug|Any CPU
		{1520F150-E432-4DC5-BB8F-75437D148140}.Release|Any CPU.ActiveCfg = Release|Any CPU
		{1520F150-E432-4DC5-BB8F-75437D148140}.Release|Any CPU.Build.0 = Release|Any CPU
		{1520F150-E432-4DC5-BB8F-75437D148140}.Release|x64.ActiveCfg = Release|Any CPU
		{1520F150-E432-4DC5-BB8F-75437D148140}.Release|x64.Build.0 = Release|Any CPU
		{1520F150-E432-4DC5-BB8F-75437D148140}.Release|x86.ActiveCfg = Release|Any CPU
		{1520F150-E432-4DC5-BB8F-75437D148140}.Release|x86.Build.0 = Release|Any CPU
		{EC1D746F-9B05-482C-BBCD-2C20CB4973D3}.Debug|Any CPU.ActiveCfg = Debug|Any CPU
		{EC1D746F-9B05-482C-BBCD-2C20CB4973D3}.Debug|Any CPU.Build.0 = Debug|Any CPU
		{EC1D746F-9B05-482C-BBCD-2C20CB4973D3}.Debug|x64.ActiveCfg = Debug|Any CPU
		{EC1D746F-9B05-482C-BBCD-2C20CB4973D3}.Debug|x64.Build.0 = Debug|Any CPU
		{EC1D746F-9B05-482C-BBCD-2C20CB4973D3}.Debug|x86.ActiveCfg = Debug|Any CPU
		{EC1D746F-9B05-482C-BBCD-2C20CB4973D3}.Debug|x86.Build.0 = Debug|Any CPU
		{EC1D746F-9B05-482C-BBCD-2C20CB4973D3}.Release|Any CPU.ActiveCfg = Release|Any CPU
		{EC1D746F-9B05-482C-BBCD-2C20CB4973D3}.Release|Any CPU.Build.0 = Release|Any CPU
		{EC1D746F-9B05-482C-BBCD-2C20CB4973D3}.Release|x64.ActiveCfg = Release|Any CPU
		{EC1D746F-9B05-482C-BBCD-2C20CB4973D3}.Release|x64.Build.0 = Release|Any CPU
		{EC1D746F-9B05-482C-BBCD-2C20CB4973D3}.Release|x86.ActiveCfg = Release|Any CPU
		{EC1D746F-9B05-482C-BBCD-2C20CB4973D3}.Release|x86.Build.0 = Release|Any CPU
		{00BDE67A-7C21-41DC-932A-5BFFC257A047}.Debug|Any CPU.ActiveCfg = Debug|Any CPU
		{00BDE67A-7C21-41DC-932A-5BFFC257A047}.Debug|Any CPU.Build.0 = Debug|Any CPU
		{00BDE67A-7C21-41DC-932A-5BFFC257A047}.Debug|x64.ActiveCfg = Debug|Any CPU
		{00BDE67A-7C21-41DC-932A-5BFFC257A047}.Debug|x64.Build.0 = Debug|Any CPU
		{00BDE67A-7C21-41DC-932A-5BFFC257A047}.Debug|x86.ActiveCfg = Debug|Any CPU
		{00BDE67A-7C21-41DC-932A-5BFFC257A047}.Debug|x86.Build.0 = Debug|Any CPU
		{00BDE67A-7C21-41DC-932A-5BFFC257A047}.Release|Any CPU.ActiveCfg = Release|Any CPU
		{00BDE67A-7C21-41DC-932A-5BFFC257A047}.Release|Any CPU.Build.0 = Release|Any CPU
		{00BDE67A-7C21-41DC-932A-5BFFC257A047}.Release|x64.ActiveCfg = Release|Any CPU
		{00BDE67A-7C21-41DC-932A-5BFFC257A047}.Release|x64.Build.0 = Release|Any CPU
		{00BDE67A-7C21-41DC-932A-5BFFC257A047}.Release|x86.ActiveCfg = Release|Any CPU
		{00BDE67A-7C21-41DC-932A-5BFFC257A047}.Release|x86.Build.0 = Release|Any CPU
		{BF778FC5-EF9A-419B-8B61-160FDF80AABD}.Debug|Any CPU.ActiveCfg = Debug|Any CPU
		{BF778FC5-EF9A-419B-8B61-160FDF80AABD}.Debug|Any CPU.Build.0 = Debug|Any CPU
		{BF778FC5-EF9A-419B-8B61-160FDF80AABD}.Debug|x64.ActiveCfg = Debug|Any CPU
		{BF778FC5-EF9A-419B-8B61-160FDF80AABD}.Debug|x64.Build.0 = Debug|Any CPU
		{BF778FC5-EF9A-419B-8B61-160FDF80AABD}.Debug|x86.ActiveCfg = Debug|Any CPU
		{BF778FC5-EF9A-419B-8B61-160FDF80AABD}.Debug|x86.Build.0 = Debug|Any CPU
		{BF778FC5-EF9A-419B-8B61-160FDF80AABD}.Release|Any CPU.ActiveCfg = Release|Any CPU
		{BF778FC5-EF9A-419B-8B61-160FDF80AABD}.Release|Any CPU.Build.0 = Release|Any CPU
		{BF778FC5-EF9A-419B-8B61-160FDF80AABD}.Release|x64.ActiveCfg = Release|Any CPU
		{BF778FC5-EF9A-419B-8B61-160FDF80AABD}.Release|x64.Build.0 = Release|Any CPU
		{BF778FC5-EF9A-419B-8B61-160FDF80AABD}.Release|x86.ActiveCfg = Release|Any CPU
		{BF778FC5-EF9A-419B-8B61-160FDF80AABD}.Release|x86.Build.0 = Release|Any CPU
		{B1FD460C-E994-4337-9C9A-E5C8A7456B6E}.Debug|Any CPU.ActiveCfg = Debug|Any CPU
		{B1FD460C-E994-4337-9C9A-E5C8A7456B6E}.Debug|Any CPU.Build.0 = Debug|Any CPU
		{B1FD460C-E994-4337-9C9A-E5C8A7456B6E}.Debug|x64.ActiveCfg = Debug|Any CPU
		{B1FD460C-E994-4337-9C9A-E5C8A7456B6E}.Debug|x64.Build.0 = Debug|Any CPU
		{B1FD460C-E994-4337-9C9A-E5C8A7456B6E}.Debug|x86.ActiveCfg = Debug|Any CPU
		{B1FD460C-E994-4337-9C9A-E5C8A7456B6E}.Debug|x86.Build.0 = Debug|Any CPU
		{B1FD460C-E994-4337-9C9A-E5C8A7456B6E}.Release|Any CPU.ActiveCfg = Release|Any CPU
		{B1FD460C-E994-4337-9C9A-E5C8A7456B6E}.Release|Any CPU.Build.0 = Release|Any CPU
		{B1FD460C-E994-4337-9C9A-E5C8A7456B6E}.Release|x64.ActiveCfg = Release|Any CPU
		{B1FD460C-E994-4337-9C9A-E5C8A7456B6E}.Release|x64.Build.0 = Release|Any CPU
		{B1FD460C-E994-4337-9C9A-E5C8A7456B6E}.Release|x86.ActiveCfg = Release|Any CPU
		{B1FD460C-E994-4337-9C9A-E5C8A7456B6E}.Release|x86.Build.0 = Release|Any CPU
		{B71D8E08-2FE3-4716-AB3B-7E259E3D83C2}.Debug|Any CPU.ActiveCfg = Debug|Any CPU
		{B71D8E08-2FE3-4716-AB3B-7E259E3D83C2}.Debug|Any CPU.Build.0 = Debug|Any CPU
		{B71D8E08-2FE3-4716-AB3B-7E259E3D83C2}.Debug|x64.ActiveCfg = Debug|Any CPU
		{B71D8E08-2FE3-4716-AB3B-7E259E3D83C2}.Debug|x64.Build.0 = Debug|Any CPU
		{B71D8E08-2FE3-4716-AB3B-7E259E3D83C2}.Debug|x86.ActiveCfg = Debug|Any CPU
		{B71D8E08-2FE3-4716-AB3B-7E259E3D83C2}.Debug|x86.Build.0 = Debug|Any CPU
		{B71D8E08-2FE3-4716-AB3B-7E259E3D83C2}.Release|Any CPU.ActiveCfg = Release|Any CPU
		{B71D8E08-2FE3-4716-AB3B-7E259E3D83C2}.Release|Any CPU.Build.0 = Release|Any CPU
		{B71D8E08-2FE3-4716-AB3B-7E259E3D83C2}.Release|x64.ActiveCfg = Release|Any CPU
		{B71D8E08-2FE3-4716-AB3B-7E259E3D83C2}.Release|x64.Build.0 = Release|Any CPU
		{B71D8E08-2FE3-4716-AB3B-7E259E3D83C2}.Release|x86.ActiveCfg = Release|Any CPU
		{B71D8E08-2FE3-4716-AB3B-7E259E3D83C2}.Release|x86.Build.0 = Release|Any CPU
		{1DD59255-FCF2-4412-B9FF-CCF6204DBC85}.Debug|Any CPU.ActiveCfg = Debug|Any CPU
		{1DD59255-FCF2-4412-B9FF-CCF6204DBC85}.Debug|Any CPU.Build.0 = Debug|Any CPU
		{1DD59255-FCF2-4412-B9FF-CCF6204DBC85}.Debug|x64.ActiveCfg = Debug|Any CPU
		{1DD59255-FCF2-4412-B9FF-CCF6204DBC85}.Debug|x64.Build.0 = Debug|Any CPU
		{1DD59255-FCF2-4412-B9FF-CCF6204DBC85}.Debug|x86.ActiveCfg = Debug|Any CPU
		{1DD59255-FCF2-4412-B9FF-CCF6204DBC85}.Debug|x86.Build.0 = Debug|Any CPU
		{1DD59255-FCF2-4412-B9FF-CCF6204DBC85}.Release|Any CPU.ActiveCfg = Release|Any CPU
		{1DD59255-FCF2-4412-B9FF-CCF6204DBC85}.Release|Any CPU.Build.0 = Release|Any CPU
		{1DD59255-FCF2-4412-B9FF-CCF6204DBC85}.Release|x64.ActiveCfg = Release|Any CPU
		{1DD59255-FCF2-4412-B9FF-CCF6204DBC85}.Release|x64.Build.0 = Release|Any CPU
		{1DD59255-FCF2-4412-B9FF-CCF6204DBC85}.Release|x86.ActiveCfg = Release|Any CPU
		{1DD59255-FCF2-4412-B9FF-CCF6204DBC85}.Release|x86.Build.0 = Release|Any CPU
		{21AF39DD-DBDB-4269-87CE-29DE08C45FC2}.Debug|Any CPU.ActiveCfg = Debug|Any CPU
		{21AF39DD-DBDB-4269-87CE-29DE08C45FC2}.Debug|Any CPU.Build.0 = Debug|Any CPU
		{21AF39DD-DBDB-4269-87CE-29DE08C45FC2}.Debug|x64.ActiveCfg = Debug|Any CPU
		{21AF39DD-DBDB-4269-87CE-29DE08C45FC2}.Debug|x64.Build.0 = Debug|Any CPU
		{21AF39DD-DBDB-4269-87CE-29DE08C45FC2}.Debug|x86.ActiveCfg = Debug|Any CPU
		{21AF39DD-DBDB-4269-87CE-29DE08C45FC2}.Debug|x86.Build.0 = Debug|Any CPU
		{21AF39DD-DBDB-4269-87CE-29DE08C45FC2}.Release|Any CPU.ActiveCfg = Release|Any CPU
		{21AF39DD-DBDB-4269-87CE-29DE08C45FC2}.Release|Any CPU.Build.0 = Release|Any CPU
		{21AF39DD-DBDB-4269-87CE-29DE08C45FC2}.Release|x64.ActiveCfg = Release|Any CPU
		{21AF39DD-DBDB-4269-87CE-29DE08C45FC2}.Release|x64.Build.0 = Release|Any CPU
		{21AF39DD-DBDB-4269-87CE-29DE08C45FC2}.Release|x86.ActiveCfg = Release|Any CPU
		{21AF39DD-DBDB-4269-87CE-29DE08C45FC2}.Release|x86.Build.0 = Release|Any CPU
		{B7EBDAC9-9885-4078-AEDB-75D211435647}.Debug|Any CPU.ActiveCfg = Debug|Any CPU
		{B7EBDAC9-9885-4078-AEDB-75D211435647}.Debug|Any CPU.Build.0 = Debug|Any CPU
		{B7EBDAC9-9885-4078-AEDB-75D211435647}.Debug|x64.ActiveCfg = Debug|Any CPU
		{B7EBDAC9-9885-4078-AEDB-75D211435647}.Debug|x64.Build.0 = Debug|Any CPU
		{B7EBDAC9-9885-4078-AEDB-75D211435647}.Debug|x86.ActiveCfg = Debug|Any CPU
		{B7EBDAC9-9885-4078-AEDB-75D211435647}.Debug|x86.Build.0 = Debug|Any CPU
		{B7EBDAC9-9885-4078-AEDB-75D211435647}.Release|Any CPU.ActiveCfg = Release|Any CPU
		{B7EBDAC9-9885-4078-AEDB-75D211435647}.Release|Any CPU.Build.0 = Release|Any CPU
		{B7EBDAC9-9885-4078-AEDB-75D211435647}.Release|x64.ActiveCfg = Release|Any CPU
		{B7EBDAC9-9885-4078-AEDB-75D211435647}.Release|x64.Build.0 = Release|Any CPU
		{B7EBDAC9-9885-4078-AEDB-75D211435647}.Release|x86.ActiveCfg = Release|Any CPU
		{B7EBDAC9-9885-4078-AEDB-75D211435647}.Release|x86.Build.0 = Release|Any CPU
		{19CAA59C-03C6-4B8E-99BD-47476E3CC685}.Debug|Any CPU.ActiveCfg = Debug|Any CPU
		{19CAA59C-03C6-4B8E-99BD-47476E3CC685}.Debug|Any CPU.Build.0 = Debug|Any CPU
		{19CAA59C-03C6-4B8E-99BD-47476E3CC685}.Debug|x64.ActiveCfg = Debug|Any CPU
		{19CAA59C-03C6-4B8E-99BD-47476E3CC685}.Debug|x64.Build.0 = Debug|Any CPU
		{19CAA59C-03C6-4B8E-99BD-47476E3CC685}.Debug|x86.ActiveCfg = Debug|Any CPU
		{19CAA59C-03C6-4B8E-99BD-47476E3CC685}.Debug|x86.Build.0 = Debug|Any CPU
		{19CAA59C-03C6-4B8E-99BD-47476E3CC685}.Release|Any CPU.ActiveCfg = Release|Any CPU
		{19CAA59C-03C6-4B8E-99BD-47476E3CC685}.Release|Any CPU.Build.0 = Release|Any CPU
		{19CAA59C-03C6-4B8E-99BD-47476E3CC685}.Release|x64.ActiveCfg = Release|Any CPU
		{19CAA59C-03C6-4B8E-99BD-47476E3CC685}.Release|x64.Build.0 = Release|Any CPU
		{19CAA59C-03C6-4B8E-99BD-47476E3CC685}.Release|x86.ActiveCfg = Release|Any CPU
		{19CAA59C-03C6-4B8E-99BD-47476E3CC685}.Release|x86.Build.0 = Release|Any CPU
		{840919DD-440A-46AC-9F87-A65D8A63F55F}.Debug|Any CPU.ActiveCfg = Debug|Any CPU
		{840919DD-440A-46AC-9F87-A65D8A63F55F}.Debug|Any CPU.Build.0 = Debug|Any CPU
		{840919DD-440A-46AC-9F87-A65D8A63F55F}.Debug|x64.ActiveCfg = Debug|Any CPU
		{840919DD-440A-46AC-9F87-A65D8A63F55F}.Debug|x64.Build.0 = Debug|Any CPU
		{840919DD-440A-46AC-9F87-A65D8A63F55F}.Debug|x86.ActiveCfg = Debug|Any CPU
		{840919DD-440A-46AC-9F87-A65D8A63F55F}.Debug|x86.Build.0 = Debug|Any CPU
		{840919DD-440A-46AC-9F87-A65D8A63F55F}.Release|Any CPU.ActiveCfg = Release|Any CPU
		{840919DD-440A-46AC-9F87-A65D8A63F55F}.Release|Any CPU.Build.0 = Release|Any CPU
		{840919DD-440A-46AC-9F87-A65D8A63F55F}.Release|x64.ActiveCfg = Release|Any CPU
		{840919DD-440A-46AC-9F87-A65D8A63F55F}.Release|x64.Build.0 = Release|Any CPU
		{840919DD-440A-46AC-9F87-A65D8A63F55F}.Release|x86.ActiveCfg = Release|Any CPU
		{840919DD-440A-46AC-9F87-A65D8A63F55F}.Release|x86.Build.0 = Release|Any CPU
		{C2B0447B-9197-4A9C-91CB-583F53EC5144}.Debug|Any CPU.ActiveCfg = Debug|Any CPU
		{C2B0447B-9197-4A9C-91CB-583F53EC5144}.Debug|Any CPU.Build.0 = Debug|Any CPU
		{C2B0447B-9197-4A9C-91CB-583F53EC5144}.Debug|x64.ActiveCfg = Debug|Any CPU
		{C2B0447B-9197-4A9C-91CB-583F53EC5144}.Debug|x64.Build.0 = Debug|Any CPU
		{C2B0447B-9197-4A9C-91CB-583F53EC5144}.Debug|x86.ActiveCfg = Debug|Any CPU
		{C2B0447B-9197-4A9C-91CB-583F53EC5144}.Debug|x86.Build.0 = Debug|Any CPU
		{C2B0447B-9197-4A9C-91CB-583F53EC5144}.Release|Any CPU.ActiveCfg = Release|Any CPU
		{C2B0447B-9197-4A9C-91CB-583F53EC5144}.Release|Any CPU.Build.0 = Release|Any CPU
		{C2B0447B-9197-4A9C-91CB-583F53EC5144}.Release|x64.ActiveCfg = Release|Any CPU
		{C2B0447B-9197-4A9C-91CB-583F53EC5144}.Release|x64.Build.0 = Release|Any CPU
		{C2B0447B-9197-4A9C-91CB-583F53EC5144}.Release|x86.ActiveCfg = Release|Any CPU
		{C2B0447B-9197-4A9C-91CB-583F53EC5144}.Release|x86.Build.0 = Release|Any CPU
		{3B3C4D23-BB8A-4B52-AE0E-94AF6872D066}.Debug|Any CPU.ActiveCfg = Debug|Any CPU
		{3B3C4D23-BB8A-4B52-AE0E-94AF6872D066}.Debug|Any CPU.Build.0 = Debug|Any CPU
		{3B3C4D23-BB8A-4B52-AE0E-94AF6872D066}.Debug|x64.ActiveCfg = Debug|Any CPU
		{3B3C4D23-BB8A-4B52-AE0E-94AF6872D066}.Debug|x64.Build.0 = Debug|Any CPU
		{3B3C4D23-BB8A-4B52-AE0E-94AF6872D066}.Debug|x86.ActiveCfg = Debug|Any CPU
		{3B3C4D23-BB8A-4B52-AE0E-94AF6872D066}.Debug|x86.Build.0 = Debug|Any CPU
		{3B3C4D23-BB8A-4B52-AE0E-94AF6872D066}.Release|Any CPU.ActiveCfg = Release|Any CPU
		{3B3C4D23-BB8A-4B52-AE0E-94AF6872D066}.Release|Any CPU.Build.0 = Release|Any CPU
		{3B3C4D23-BB8A-4B52-AE0E-94AF6872D066}.Release|x64.ActiveCfg = Release|Any CPU
		{3B3C4D23-BB8A-4B52-AE0E-94AF6872D066}.Release|x64.Build.0 = Release|Any CPU
		{3B3C4D23-BB8A-4B52-AE0E-94AF6872D066}.Release|x86.ActiveCfg = Release|Any CPU
		{3B3C4D23-BB8A-4B52-AE0E-94AF6872D066}.Release|x86.Build.0 = Release|Any CPU
		{1A7DA70D-D498-4A7A-8D6F-47F8846288CF}.Debug|Any CPU.ActiveCfg = Debug|Any CPU
		{1A7DA70D-D498-4A7A-8D6F-47F8846288CF}.Debug|Any CPU.Build.0 = Debug|Any CPU
		{1A7DA70D-D498-4A7A-8D6F-47F8846288CF}.Debug|x64.ActiveCfg = Debug|Any CPU
		{1A7DA70D-D498-4A7A-8D6F-47F8846288CF}.Debug|x64.Build.0 = Debug|Any CPU
		{1A7DA70D-D498-4A7A-8D6F-47F8846288CF}.Debug|x86.ActiveCfg = Debug|Any CPU
		{1A7DA70D-D498-4A7A-8D6F-47F8846288CF}.Debug|x86.Build.0 = Debug|Any CPU
		{1A7DA70D-D498-4A7A-8D6F-47F8846288CF}.Release|Any CPU.ActiveCfg = Release|Any CPU
		{1A7DA70D-D498-4A7A-8D6F-47F8846288CF}.Release|Any CPU.Build.0 = Release|Any CPU
		{1A7DA70D-D498-4A7A-8D6F-47F8846288CF}.Release|x64.ActiveCfg = Release|Any CPU
		{1A7DA70D-D498-4A7A-8D6F-47F8846288CF}.Release|x64.Build.0 = Release|Any CPU
		{1A7DA70D-D498-4A7A-8D6F-47F8846288CF}.Release|x86.ActiveCfg = Release|Any CPU
		{1A7DA70D-D498-4A7A-8D6F-47F8846288CF}.Release|x86.Build.0 = Release|Any CPU
		{6D846A1E-D4AA-4E13-A4BC-3D64A59219C5}.Debug|Any CPU.ActiveCfg = Debug|Any CPU
		{6D846A1E-D4AA-4E13-A4BC-3D64A59219C5}.Debug|Any CPU.Build.0 = Debug|Any CPU
		{6D846A1E-D4AA-4E13-A4BC-3D64A59219C5}.Debug|x64.ActiveCfg = Debug|Any CPU
		{6D846A1E-D4AA-4E13-A4BC-3D64A59219C5}.Debug|x64.Build.0 = Debug|Any CPU
		{6D846A1E-D4AA-4E13-A4BC-3D64A59219C5}.Debug|x86.ActiveCfg = Debug|Any CPU
		{6D846A1E-D4AA-4E13-A4BC-3D64A59219C5}.Debug|x86.Build.0 = Debug|Any CPU
		{6D846A1E-D4AA-4E13-A4BC-3D64A59219C5}.Release|Any CPU.ActiveCfg = Release|Any CPU
		{6D846A1E-D4AA-4E13-A4BC-3D64A59219C5}.Release|Any CPU.Build.0 = Release|Any CPU
		{6D846A1E-D4AA-4E13-A4BC-3D64A59219C5}.Release|x64.ActiveCfg = Release|Any CPU
		{6D846A1E-D4AA-4E13-A4BC-3D64A59219C5}.Release|x64.Build.0 = Release|Any CPU
		{6D846A1E-D4AA-4E13-A4BC-3D64A59219C5}.Release|x86.ActiveCfg = Release|Any CPU
		{6D846A1E-D4AA-4E13-A4BC-3D64A59219C5}.Release|x86.Build.0 = Release|Any CPU
		{E1229E94-AB9A-463A-AFBF-439C5B58D743}.Debug|Any CPU.ActiveCfg = Debug|Any CPU
		{E1229E94-AB9A-463A-AFBF-439C5B58D743}.Debug|Any CPU.Build.0 = Debug|Any CPU
		{E1229E94-AB9A-463A-AFBF-439C5B58D743}.Debug|x64.ActiveCfg = Debug|Any CPU
		{E1229E94-AB9A-463A-AFBF-439C5B58D743}.Debug|x64.Build.0 = Debug|Any CPU
		{E1229E94-AB9A-463A-AFBF-439C5B58D743}.Debug|x86.ActiveCfg = Debug|Any CPU
		{E1229E94-AB9A-463A-AFBF-439C5B58D743}.Debug|x86.Build.0 = Debug|Any CPU
		{E1229E94-AB9A-463A-AFBF-439C5B58D743}.Release|Any CPU.ActiveCfg = Release|Any CPU
		{E1229E94-AB9A-463A-AFBF-439C5B58D743}.Release|Any CPU.Build.0 = Release|Any CPU
		{E1229E94-AB9A-463A-AFBF-439C5B58D743}.Release|x64.ActiveCfg = Release|Any CPU
		{E1229E94-AB9A-463A-AFBF-439C5B58D743}.Release|x64.Build.0 = Release|Any CPU
		{E1229E94-AB9A-463A-AFBF-439C5B58D743}.Release|x86.ActiveCfg = Release|Any CPU
		{E1229E94-AB9A-463A-AFBF-439C5B58D743}.Release|x86.Build.0 = Release|Any CPU
		{303FFEED-6AB0-4D83-9B44-4438F976A256}.Debug|Any CPU.ActiveCfg = Debug|Any CPU
		{303FFEED-6AB0-4D83-9B44-4438F976A256}.Debug|Any CPU.Build.0 = Debug|Any CPU
		{303FFEED-6AB0-4D83-9B44-4438F976A256}.Debug|x64.ActiveCfg = Debug|Any CPU
		{303FFEED-6AB0-4D83-9B44-4438F976A256}.Debug|x64.Build.0 = Debug|Any CPU
		{303FFEED-6AB0-4D83-9B44-4438F976A256}.Debug|x86.ActiveCfg = Debug|Any CPU
		{303FFEED-6AB0-4D83-9B44-4438F976A256}.Debug|x86.Build.0 = Debug|Any CPU
		{303FFEED-6AB0-4D83-9B44-4438F976A256}.Release|Any CPU.ActiveCfg = Release|Any CPU
		{303FFEED-6AB0-4D83-9B44-4438F976A256}.Release|Any CPU.Build.0 = Release|Any CPU
		{303FFEED-6AB0-4D83-9B44-4438F976A256}.Release|x64.ActiveCfg = Release|Any CPU
		{303FFEED-6AB0-4D83-9B44-4438F976A256}.Release|x64.Build.0 = Release|Any CPU
		{303FFEED-6AB0-4D83-9B44-4438F976A256}.Release|x86.ActiveCfg = Release|Any CPU
		{303FFEED-6AB0-4D83-9B44-4438F976A256}.Release|x86.Build.0 = Release|Any CPU
	EndGlobalSection
	GlobalSection(SolutionProperties) = preSolution
		HideSolutionNode = FALSE
	EndGlobalSection
	GlobalSection(NestedProjects) = preSolution
		{48CC1D79-2D7F-4F7E-B5AC-95315079A332} = {16ED111A-6953-4B0B-8F35-81283C5D1D6B}
		{791CD260-DA56-482C-B8D8-B984C4312BBF} = {6CA8CA75-E327-47E4-8525-E5CCB1E06A32}
		{D8BE9748-027F-45C2-9BAD-F0985B06DEB8} = {6CA8CA75-E327-47E4-8525-E5CCB1E06A32}
		{10A6D0E0-F38D-4B0A-88B4-907714C462D3} = {ADEDCEE4-E531-469A-BB81-F72A2574F8A6}
		{A5837D03-2DA3-447F-BEA5-37EC7913BF67} = {ADEDCEE4-E531-469A-BB81-F72A2574F8A6}
		{84513E24-23C5-4F11-876F-9BE97F54B0B9} = {A0E3F4D6-56D9-47AE-B43B-B44DA33B941E}
		{5D768E55-ED01-4FC5-90B7-E5B4B7676578} = {ADEDCEE4-E531-469A-BB81-F72A2574F8A6}
		{A6522432-3DDB-489D-94F4-73C0CDFC7717} = {A0E3F4D6-56D9-47AE-B43B-B44DA33B941E}
		{1520F150-E432-4DC5-BB8F-75437D148140} = {ADEDCEE4-E531-469A-BB81-F72A2574F8A6}
		{EC1D746F-9B05-482C-BBCD-2C20CB4973D3} = {ADEDCEE4-E531-469A-BB81-F72A2574F8A6}
		{00BDE67A-7C21-41DC-932A-5BFFC257A047} = {ADEDCEE4-E531-469A-BB81-F72A2574F8A6}
		{BF778FC5-EF9A-419B-8B61-160FDF80AABD} = {A0E3F4D6-56D9-47AE-B43B-B44DA33B941E}
		{B1FD460C-E994-4337-9C9A-E5C8A7456B6E} = {ADEDCEE4-E531-469A-BB81-F72A2574F8A6}
		{B71D8E08-2FE3-4716-AB3B-7E259E3D83C2} = {ADEDCEE4-E531-469A-BB81-F72A2574F8A6}
		{1DD59255-FCF2-4412-B9FF-CCF6204DBC85} = {A0E3F4D6-56D9-47AE-B43B-B44DA33B941E}
		{21AF39DD-DBDB-4269-87CE-29DE08C45FC2} = {ADEDCEE4-E531-469A-BB81-F72A2574F8A6}
		{B7EBDAC9-9885-4078-AEDB-75D211435647} = {ADEDCEE4-E531-469A-BB81-F72A2574F8A6}
		{19CAA59C-03C6-4B8E-99BD-47476E3CC685} = {A0E3F4D6-56D9-47AE-B43B-B44DA33B941E}
		{840919DD-440A-46AC-9F87-A65D8A63F55F} = {ADEDCEE4-E531-469A-BB81-F72A2574F8A6}
		{C2B0447B-9197-4A9C-91CB-583F53EC5144} = {ADEDCEE4-E531-469A-BB81-F72A2574F8A6}
		{3B3C4D23-BB8A-4B52-AE0E-94AF6872D066} = {A0E3F4D6-56D9-47AE-B43B-B44DA33B941E}
		{1A7DA70D-D498-4A7A-8D6F-47F8846288CF} = {6CA8CA75-E327-47E4-8525-E5CCB1E06A32}
		{6D846A1E-D4AA-4E13-A4BC-3D64A59219C5} = {A0E3F4D6-56D9-47AE-B43B-B44DA33B941E}
		{E1229E94-AB9A-463A-AFBF-439C5B58D743} = {ADEDCEE4-E531-469A-BB81-F72A2574F8A6}
		{303FFEED-6AB0-4D83-9B44-4438F976A256} = {ADEDCEE4-E531-469A-BB81-F72A2574F8A6}
	EndGlobalSection
	GlobalSection(ExtensibilityGlobals) = postSolution
		SolutionGuid = {08699A3F-A07E-40AA-AB94-9E015E794A62}
	EndGlobalSection
EndGlobal
